
Microsoft Visual Studio Solution File, Format Version 12.00
# Visual Studio Version 17
VisualStudioVersion = 17.3.32929.385
MinimumVisualStudioVersion = 10.0.40219.1
Project("{FAE04EC0-301F-11D3-BF4B-00C04F79EFBC}") = "NewItem", "NewItem\NewItem.csproj", "{98EAE28B-D567-4175-A54D-4977620EB05D}"
EndProject
Global
	GlobalSection(SolutionConfigurationPlatforms) = preSolution
		Debug|Any CPU = Debug|Any CPU
		Release|Any CPU = Release|Any CPU
	EndGlobalSection
	GlobalSection(ProjectConfigurationPlatforms) = postSolution
		{98EAE28B-D567-4175-A54D-4977620EB05D}.Debug|Any CPU.ActiveCfg = Debug|Any CPU
		{98EAE28B-D567-4175-A54D-4977620EB05D}.Debug|Any CPU.Build.0 = Debug|Any CPU
		{98EAE28B-D567-4175-A54D-4977620EB05D}.Release|Any CPU.ActiveCfg = Release|Any CPU
		{98EAE28B-D567-4175-A54D-4977620EB05D}.Release|Any CPU.Build.0 = Release|Any CPU
	EndGlobalSection
	GlobalSection(SolutionProperties) = preSolution
		HideSolutionNode = FALSE
	EndGlobalSection
	GlobalSection(ExtensibilityGlobals) = postSolution
		SolutionGuid = {D93C05D2-D089-4E7B-A3E8-BA8002B4122F}
	EndGlobalSection
EndGlobal
